
Microsoft Visual Studio Solution File, Format Version 12.00
Project("{FAE04EC0-301F-11D3-BF4B-00C04F79EFBC}") = "WebApplication10", "WebApplication10.csproj", "{C7E1E6E7-C7DC-4BC3-850B-077BF1397D4E}"
EndProject
Global
	GlobalSection(SolutionConfigurationPlatforms) = preSolution
		Debug|Any CPU = Debug|Any CPU
		Release|Any CPU = Release|Any CPU
	EndGlobalSection
	GlobalSection(ProjectConfigurationPlatforms) = postSolution
		{C7E1E6E7-C7DC-4BC3-850B-077BF1397D4E}.Debug|Any CPU.ActiveCfg = Debug|Any CPU
		{C7E1E6E7-C7DC-4BC3-850B-077BF1397D4E}.Debug|Any CPU.Build.0 = Debug|Any CPU
		{C7E1E6E7-C7DC-4BC3-850B-077BF1397D4E}.Release|Any CPU.ActiveCfg = Release|Any CPU
		{C7E1E6E7-C7DC-4BC3-850B-077BF1397D4E}.Release|Any CPU.Build.0 = Release|Any CPU
	EndGlobalSection
EndGlobal
